
Microsoft Visual Studio Solution File, Format Version 12.00
# Visual Studio Version 17
VisualStudioVersion = 17.3.32901.215
MinimumVisualStudioVersion = 10.0.40219.1
Project("{FAE04EC0-301F-11D3-BF4B-00C04F79EFBC}") = "UC3-CompareTwoLine", "UC3-CompareTwoLine\UC3-CompareTwoLine.csproj", "{FBD6D38F-DB5D-41E3-88D2-1488BEA5ACCA}"
EndProject
Global
	GlobalSection(SolutionConfigurationPlatforms) = preSolution
		Debug|Any CPU = Debug|Any CPU
		Release|Any CPU = Release|Any CPU
	EndGlobalSection
	GlobalSection(ProjectConfigurationPlatforms) = postSolution
		{FBD6D38F-DB5D-41E3-88D2-1488BEA5ACCA}.Debug|Any CPU.ActiveCfg = Debug|Any CPU
		{FBD6D38F-DB5D-41E3-88D2-1488BEA5ACCA}.Debug|Any CPU.Build.0 = Debug|Any CPU
		{FBD6D38F-DB5D-41E3-88D2-1488BEA5ACCA}.Release|Any CPU.ActiveCfg = Release|Any CPU
		{FBD6D38F-DB5D-41E3-88D2-1488BEA5ACCA}.Release|Any CPU.Build.0 = Release|Any CPU
	EndGlobalSection
	GlobalSection(SolutionProperties) = preSolution
		HideSolutionNode = FALSE
	EndGlobalSection
	GlobalSection(ExtensibilityGlobals) = postSolution
		SolutionGuid = {3ECAB41C-AFCC-4E4B-B5F3-8A284C7B5F95}
	EndGlobalSection
EndGlobal
