
Microsoft Visual Studio Solution File, Format Version 12.00
# Visual Studio Version 17
VisualStudioVersion = 17.3.32901.215
MinimumVisualStudioVersion = 10.0.40219.1
Project("{FAE04EC0-301F-11D3-BF4B-00C04F79EFBC}") = "Welcome to Line Comparison Computation", "Welcome to Line Comparison Computation\Welcome to Line Comparison Computation.csproj", "{691860B5-3535-4705-B1BE-6DFCBEC24406}"
EndProject
Global
	GlobalSection(SolutionConfigurationPlatforms) = preSolution
		Debug|Any CPU = Debug|Any CPU
		Release|Any CPU = Release|Any CPU
	EndGlobalSection
	GlobalSection(ProjectConfigurationPlatforms) = postSolution
		{691860B5-3535-4705-B1BE-6DFCBEC24406}.Debug|Any CPU.ActiveCfg = Debug|Any CPU
		{691860B5-3535-4705-B1BE-6DFCBEC24406}.Debug|Any CPU.Build.0 = Debug|Any CPU
		{691860B5-3535-4705-B1BE-6DFCBEC24406}.Release|Any CPU.ActiveCfg = Release|Any CPU
		{691860B5-3535-4705-B1BE-6DFCBEC24406}.Release|Any CPU.Build.0 = Release|Any CPU
	EndGlobalSection
	GlobalSection(SolutionProperties) = preSolution
		HideSolutionNode = FALSE
	EndGlobalSection
	GlobalSection(ExtensibilityGlobals) = postSolution
		SolutionGuid = {6EA2AAC3-F2CF-4540-9DF3-FB2C0E263869}
	EndGlobalSection
EndGlobal
